
Microsoft Visual Studio Solution File, Format Version 12.00
# Visual Studio Version 17
VisualStudioVersion = 17.5.002.0
MinimumVisualStudioVersion = 10.0.40219.1
Project("{9A19103F-16F7-4668-BE54-9A1E7A4F7556}") = "DOT_NET_7_Assignment_01_Swapno_SuperShop", "DOT_NET_7_Assignment_01_Swapno_SuperShop.csproj", "{C2A7D27B-D828-463B-9245-B3093C3C5454}"
EndProject
Global
	GlobalSection(SolutionConfigurationPlatforms) = preSolution
		Debug|Any CPU = Debug|Any CPU
		Release|Any CPU = Release|Any CPU
	EndGlobalSection
	GlobalSection(ProjectConfigurationPlatforms) = postSolution
		{C2A7D27B-D828-463B-9245-B3093C3C5454}.Debug|Any CPU.ActiveCfg = Debug|Any CPU
		{C2A7D27B-D828-463B-9245-B3093C3C5454}.Debug|Any CPU.Build.0 = Debug|Any CPU
		{C2A7D27B-D828-463B-9245-B3093C3C5454}.Release|Any CPU.ActiveCfg = Release|Any CPU
		{C2A7D27B-D828-463B-9245-B3093C3C5454}.Release|Any CPU.Build.0 = Release|Any CPU
	EndGlobalSection
	GlobalSection(SolutionProperties) = preSolution
		HideSolutionNode = FALSE
	EndGlobalSection
	GlobalSection(ExtensibilityGlobals) = postSolution
		SolutionGuid = {A0804F1A-757A-4497-A3B3-C2580A01A400}
	EndGlobalSection
EndGlobal
